
Microsoft Visual Studio Solution File, Format Version 12.00
# Visual Studio Version 16
VisualStudioVersion = 16.0.30011.22
MinimumVisualStudioVersion = 10.0.40219.1
Project("{9A19103F-16F7-4668-BE54-9A1E7A4F7556}") = "Example", "Example\Example.csproj", "{533C0815-3084-421D-88A2-C2F842C72837}"
EndProject
Project("{9A19103F-16F7-4668-BE54-9A1E7A4F7556}") = "Lifx", "LIFX\Lifx.csproj", "{DDDD6D00-2AF3-45EA-9D36-3FECD72A5AE1}"
EndProject
Global
	GlobalSection(SolutionConfigurationPlatforms) = preSolution
		Debug|Any CPU = Debug|Any CPU
		Release|Any CPU = Release|Any CPU
	EndGlobalSection
	GlobalSection(ProjectConfigurationPlatforms) = postSolution
		{533C0815-3084-421D-88A2-C2F842C72837}.Debug|Any CPU.ActiveCfg = Debug|Any CPU
		{533C0815-3084-421D-88A2-C2F842C72837}.Debug|Any CPU.Build.0 = Debug|Any CPU
		{533C0815-3084-421D-88A2-C2F842C72837}.Release|Any CPU.ActiveCfg = Release|Any CPU
		{533C0815-3084-421D-88A2-C2F842C72837}.Release|Any CPU.Build.0 = Release|Any CPU
		{DDDD6D00-2AF3-45EA-9D36-3FECD72A5AE1}.Debug|Any CPU.ActiveCfg = Debug|Any CPU
		{DDDD6D00-2AF3-45EA-9D36-3FECD72A5AE1}.Debug|Any CPU.Build.0 = Debug|Any CPU
		{DDDD6D00-2AF3-45EA-9D36-3FECD72A5AE1}.Release|Any CPU.ActiveCfg = Release|Any CPU
		{DDDD6D00-2AF3-45EA-9D36-3FECD72A5AE1}.Release|Any CPU.Build.0 = Release|Any CPU
	EndGlobalSection
	GlobalSection(SolutionProperties) = preSolution
		HideSolutionNode = FALSE
	EndGlobalSection
	GlobalSection(ExtensibilityGlobals) = postSolution
		SolutionGuid = {DCB8FEB2-E113-49EF-92F3-C45D23D67202}
	EndGlobalSection
EndGlobal
